
Microsoft Visual Studio Solution File, Format Version 12.00
# Visual Studio Version 17
VisualStudioVersion = 17.0.32014.148
MinimumVisualStudioVersion = 10.0.40219.1
Project("{FAE04EC0-301F-11D3-BF4B-00C04F79EFBC}") = "09. Adapter", "09. Adapter\09. Adapter.csproj", "{A5856DE3-375D-4D0F-879C-5829852D0B9D}"
EndProject
Global
	GlobalSection(SolutionConfigurationPlatforms) = preSolution
		Debug|Any CPU = Debug|Any CPU
		Release|Any CPU = Release|Any CPU
	EndGlobalSection
	GlobalSection(ProjectConfigurationPlatforms) = postSolution
		{A5856DE3-375D-4D0F-879C-5829852D0B9D}.Debug|Any CPU.ActiveCfg = Debug|Any CPU
		{A5856DE3-375D-4D0F-879C-5829852D0B9D}.Debug|Any CPU.Build.0 = Debug|Any CPU
		{A5856DE3-375D-4D0F-879C-5829852D0B9D}.Release|Any CPU.ActiveCfg = Release|Any CPU
		{A5856DE3-375D-4D0F-879C-5829852D0B9D}.Release|Any CPU.Build.0 = Release|Any CPU
	EndGlobalSection
	GlobalSection(SolutionProperties) = preSolution
		HideSolutionNode = FALSE
	EndGlobalSection
	GlobalSection(ExtensibilityGlobals) = postSolution
		SolutionGuid = {49485D0C-F032-4663-8E57-A3234974FA88}
	EndGlobalSection
EndGlobal
