
Microsoft Visual Studio Solution File, Format Version 12.00
# Visual Studio Version 17
VisualStudioVersion = 17.0.32014.148
MinimumVisualStudioVersion = 10.0.40219.1
Project("{FAE04EC0-301F-11D3-BF4B-00C04F79EFBC}") = "2. O - Open-Closed Principle - OCP", "2. O - Open-Closed Principle - OCP\2. O - Open-Closed Principle - OCP.csproj", "{625B7032-EFFC-43BB-B0B9-E915828B04B2}"
EndProject
Global
	GlobalSection(SolutionConfigurationPlatforms) = preSolution
		Debug|Any CPU = Debug|Any CPU
		Release|Any CPU = Release|Any CPU
	EndGlobalSection
	GlobalSection(ProjectConfigurationPlatforms) = postSolution
		{625B7032-EFFC-43BB-B0B9-E915828B04B2}.Debug|Any CPU.ActiveCfg = Debug|Any CPU
		{625B7032-EFFC-43BB-B0B9-E915828B04B2}.Debug|Any CPU.Build.0 = Debug|Any CPU
		{625B7032-EFFC-43BB-B0B9-E915828B04B2}.Release|Any CPU.ActiveCfg = Release|Any CPU
		{625B7032-EFFC-43BB-B0B9-E915828B04B2}.Release|Any CPU.Build.0 = Release|Any CPU
	EndGlobalSection
	GlobalSection(SolutionProperties) = preSolution
		HideSolutionNode = FALSE
	EndGlobalSection
	GlobalSection(ExtensibilityGlobals) = postSolution
		SolutionGuid = {4C0DDBA7-C118-44B6-AD53-AF09DE832C2C}
	EndGlobalSection
EndGlobal
